// !$*UTF8*$!
{
	archiveVersion = 1;
	classes = {
	};
	objectVersion = 50;
	objects = {

/* Begin PBXBuildFile section */
		1855389024C9EA590024C735 /* AppDelegate.swift in Sources */ = {isa = PBXBuildFile; fileRef = 1855388F24C9EA590024C735 /* AppDelegate.swift */; };
		1855389224C9EA590024C735 /* SceneDelegate.swift in Sources */ = {isa = PBXBuildFile; fileRef = 1855389124C9EA590024C735 /* SceneDelegate.swift */; };
		1855389424C9EA590024C735 /* ViewController.swift in Sources */ = {isa = PBXBuildFile; fileRef = 1855389324C9EA590024C735 /* ViewController.swift */; };
		1855389724C9EA590024C735 /* Main.storyboard in Resources */ = {isa = PBXBuildFile; fileRef = 1855389524C9EA590024C735 /* Main.storyboard */; };
		1855389A24C9EA590024C735 /* MiniProject2.xcdatamodeld in Sources */ = {isa = PBXBuildFile; fileRef = 1855389824C9EA590024C735 /* MiniProject2.xcdatamodeld */; };
		1855389C24C9EA5D0024C735 /* Assets.xcassets in Resources */ = {isa = PBXBuildFile; fileRef = 1855389B24C9EA5D0024C735 /* Assets.xcassets */; };
		1855389F24C9EA5D0024C735 /* LaunchScreen.storyboard in Resources */ = {isa = PBXBuildFile; fileRef = 1855389D24C9EA5D0024C735 /* LaunchScreen.storyboard */; };
		185538AA24C9EA5D0024C735 /* MiniProject2Tests.swift in Sources */ = {isa = PBXBuildFile; fileRef = 185538A924C9EA5D0024C735 /* MiniProject2Tests.swift */; };
		185538B524C9EA5D0024C735 /* MiniProject2UITests.swift in Sources */ = {isa = PBXBuildFile; fileRef = 185538B424C9EA5D0024C735 /* MiniProject2UITests.swift */; };
		185538C324CA12C80024C735 /* ViewController2.swift in Sources */ = {isa = PBXBuildFile; fileRef = 185538C224CA12C80024C735 /* ViewController2.swift */; };
		185538C924CA89E20024C735 /* ViewController3.swift in Sources */ = {isa = PBXBuildFile; fileRef = 185538C824CA89E20024C735 /* ViewController3.swift */; };
		185538CB24CA919D0024C735 /* ViewController4.swift in Sources */ = {isa = PBXBuildFile; fileRef = 185538CA24CA919D0024C735 /* ViewController4.swift */; };
		185538CD24CA93180024C735 /* ViewController5.swift in Sources */ = {isa = PBXBuildFile; fileRef = 185538CC24CA93180024C735 /* ViewController5.swift */; };
/* End PBXBuildFile section */

/* Begin PBXContainerItemProxy section */
		185538A624C9EA5D0024C735 /* PBXContainerItemProxy */ = {
			isa = PBXContainerItemProxy;
			containerPortal = 1855388424C9EA590024C735 /* Project object */;
			proxyType = 1;
			remoteGlobalIDString = 1855388B24C9EA590024C735;
			remoteInfo = MiniProject2;
		};
		185538B124C9EA5D0024C735 /* PBXContainerItemProxy */ = {
			isa = PBXContainerItemProxy;
			containerPortal = 1855388424C9EA590024C735 /* Project object */;
			proxyType = 1;
			remoteGlobalIDString = 1855388B24C9EA590024C735;
			remoteInfo = MiniProject2;
		};
/* End PBXContainerItemProxy section */

/* Begin PBXFileReference section */
		1855388C24C9EA590024C735 /* MiniProject2.app */ = {isa = PBXFileReference; explicitFileType = wrapper.application; includeInIndex = 0; path = MiniProject2.app; sourceTree = BUILT_PRODUCTS_DIR; };
		1855388F24C9EA590024C735 /* AppDelegate.swift */ = {isa = PBXFileReference; lastKnownFileType = sourcecode.swift; path = AppDelegate.swift; sourceTree = "<group>"; };
		1855389124C9EA590024C735 /* SceneDelegate.swift */ = {isa = PBXFileReference; lastKnownFileType = sourcecode.swift; path = SceneDelegate.swift; sourceTree = "<group>"; };
		1855389324C9EA590024C735 /* ViewController.swift */ = {isa = PBXFileReference; lastKnownFileType = sourcecode.swift; path = ViewController.swift; sourceTree = "<group>"; };
		1855389624C9EA590024C735 /* Base */ = {isa = PBXFileReference; lastKnownFileType = file.storyboard; name = Base; path = Base.lproj/Main.storyboard; sourceTree = "<group>"; };
		1855389924C9EA590024C735 /* MiniProject2.xcdatamodel */ = {isa = PBXFileReference; lastKnownFileType = wrapper.xcdatamodel; path = MiniProject2.xcdatamodel; sourceTree = "<group>"; };
		1855389B24C9EA5D0024C735 /* Assets.xcassets */ = {isa = PBXFileReference; lastKnownFileType = folder.assetcatalog; path = Assets.xcassets; sourceTree = "<group>"; };
		1855389E24C9EA5D0024C735 /* Base */ = {isa = PBXFileReference; lastKnownFileType = file.storyboard; name = Base; path = Base.lproj/LaunchScreen.storyboard; sourceTree = "<group>"; };
		185538A024C9EA5D0024C735 /* Info.plist */ = {isa = PBXFileReference; lastKnownFileType = text.plist.xml; path = Info.plist; sourceTree = "<group>"; };
		185538A524C9EA5D0024C735 /* MiniProject2Tests.xctest */ = {isa = PBXFileReference; explicitFileType = wrapper.cfbundle; includeInIndex = 0; path = MiniProject2Tests.xctest; sourceTree = BUILT_PRODUCTS_DIR; };
		185538A924C9EA5D0024C735 /* MiniProject2Tests.swift */ = {isa = PBXFileReference; lastKnownFileType = sourcecode.swift; path = MiniProject2Tests.swift; sourceTree = "<group>"; };
		185538AB24C9EA5D0024C735 /* Info.plist */ = {isa = PBXFileReference; lastKnownFileType = text.plist.xml; path = Info.plist; sourceTree = "<group>"; };
		185538B024C9EA5D0024C735 /* MiniProject2UITests.xctest */ = {isa = PBXFileReference; explicitFileType = wrapper.cfbundle; includeInIndex = 0; path = MiniProject2UITests.xctest; sourceTree = BUILT_PRODUCTS_DIR; };
		185538B424C9EA5D0024C735 /* MiniProject2UITests.swift */ = {isa = PBXFileReference; lastKnownFileType = sourcecode.swift; path = MiniProject2UITests.swift; sourceTree = "<group>"; };
		185538B624C9EA5D0024C735 /* Info.plist */ = {isa = PBXFileReference; lastKnownFileType = text.plist.xml; path = Info.plist; sourceTree = "<group>"; };
		185538C224CA12C80024C735 /* ViewController2.swift */ = {isa = PBXFileReference; lastKnownFileType = sourcecode.swift; path = ViewController2.swift; sourceTree = "<group>"; };
		185538C824CA89E20024C735 /* ViewController3.swift */ = {isa = PBXFileReference; lastKnownFileType = sourcecode.swift; name = ViewController3.swift; path = ../../ViewController3.swift; sourceTree = "<group>"; };
		185538CA24CA919D0024C735 /* ViewController4.swift */ = {isa = PBXFileReference; lastKnownFileType = sourcecode.swift; path = ViewController4.swift; sourceTree = "<group>"; };
		185538CC24CA93180024C735 /* ViewController5.swift */ = {isa = PBXFileReference; lastKnownFileType = sourcecode.swift; path = ViewController5.swift; sourceTree = "<group>"; };
/* End PBXFileReference section */

/* Begin PBXFrameworksBuildPhase section */
		1855388924C9EA590024C735 /* Frameworks */ = {
			isa = PBXFrameworksBuildPhase;
			buildActionMask = 2147483647;
			files = (
			);
			runOnlyForDeploymentPostprocessing = 0;
		};
		185538A224C9EA5D0024C735 /* Frameworks */ = {
			isa = PBXFrameworksBuildPhase;
			buildActionMask = 2147483647;
			files = (
			);
			runOnlyForDeploymentPostprocessing = 0;
		};
		185538AD24C9EA5D0024C735 /* Frameworks */ = {
			isa = PBXFrameworksBuildPhase;
			buildActionMask = 2147483647;
			files = (
			);
			runOnlyForDeploymentPostprocessing = 0;
		};
/* End PBXFrameworksBuildPhase section */

/* Begin PBXGroup section */
		1855388324C9EA590024C735 = {
			isa = PBXGroup;
			children = (
				1855388E24C9EA590024C735 /* MiniProject2 */,
				185538A824C9EA5D0024C735 /* MiniProject2Tests */,
				185538B324C9EA5D0024C735 /* MiniProject2UITests */,
				1855388D24C9EA590024C735 /* Products */,
			);
			sourceTree = "<group>";
		};
		1855388D24C9EA590024C735 /* Products */ = {
			isa = PBXGroup;
			children = (
				1855388C24C9EA590024C735 /* MiniProject2.app */,
				185538A524C9EA5D0024C735 /* MiniProject2Tests.xctest */,
				185538B024C9EA5D0024C735 /* MiniProject2UITests.xctest */,
			);
			name = Products;
			sourceTree = "<group>";
		};
		1855388E24C9EA590024C735 /* MiniProject2 */ = {
			isa = PBXGroup;
			children = (
				1855388F24C9EA590024C735 /* AppDelegate.swift */,
				1855389124C9EA590024C735 /* SceneDelegate.swift */,
				1855389324C9EA590024C735 /* ViewController.swift */,
				1855389524C9EA590024C735 /* Main.storyboard */,
				1855389B24C9EA5D0024C735 /* Assets.xcassets */,
				1855389D24C9EA5D0024C735 /* LaunchScreen.storyboard */,
				185538A024C9EA5D0024C735 /* Info.plist */,
				1855389824C9EA590024C735 /* MiniProject2.xcdatamodeld */,
				185538C224CA12C80024C735 /* ViewController2.swift */,
				185538C824CA89E20024C735 /* ViewController3.swift */,
				185538CA24CA919D0024C735 /* ViewController4.swift */,
				185538CC24CA93180024C735 /* ViewController5.swift */,
			);
			path = MiniProject2;
			sourceTree = "<group>";
		};
		185538A824C9EA5D0024C735 /* MiniProject2Tests */ = {
			isa = PBXGroup;
			children = (
				185538A924C9EA5D0024C735 /* MiniProject2Tests.swift */,
				185538AB24C9EA5D0024C735 /* Info.plist */,
			);
			path = MiniProject2Tests;
			sourceTree = "<group>";
		};
		185538B324C9EA5D0024C735 /* MiniProject2UITests */ = {
			isa = PBXGroup;
			children = (
				185538B424C9EA5D0024C735 /* MiniProject2UITests.swift */,
				185538B624C9EA5D0024C735 /* Info.plist */,
			);
			path = MiniProject2UITests;
			sourceTree = "<group>";
		};
/* End PBXGroup section */

/* Begin PBXNativeTarget section */
		1855388B24C9EA590024C735 /* MiniProject2 */ = {
			isa = PBXNativeTarget;
			buildConfigurationList = 185538B924C9EA5D0024C735 /* Build configuration list for PBXNativeTarget "MiniProject2" */;
			buildPhases = (
				1855388824C9EA590024C735 /* Sources */,
				1855388924C9EA590024C735 /* Frameworks */,
				1855388A24C9EA590024C735 /* Resources */,
			);
			buildRules = (
			);
			dependencies = (
			);
			name = MiniProject2;
			productName = MiniProject2;
			productReference = 1855388C24C9EA590024C735 /* MiniProject2.app */;
			productType = "com.apple.product-type.application";
		};
		185538A424C9EA5D0024C735 /* MiniProject2Tests */ = {
			isa = PBXNativeTarget;
			buildConfigurationList = 185538BC24C9EA5D0024C735 /* Build configuration list for PBXNativeTarget "MiniProject2Tests" */;
			buildPhases = (
				185538A124C9EA5D0024C735 /* Sources */,
				185538A224C9EA5D0024C735 /* Frameworks */,
				185538A324C9EA5D0024C735 /* Resources */,
			);
			buildRules = (
			);
			dependencies = (
				185538A724C9EA5D0024C735 /* PBXTargetDependency */,
			);
			name = MiniProject2Tests;
			productName = MiniProject2Tests;
			productReference = 185538A524C9EA5D0024C735 /* MiniProject2Tests.xctest */;
			productType = "com.apple.product-type.bundle.unit-test";
		};
		185538AF24C9EA5D0024C735 /* MiniProject2UITests */ = {
			isa = PBXNativeTarget;
			buildConfigurationList = 185538BF24C9EA5D0024C735 /* Build configuration list for PBXNativeTarget "MiniProject2UITests" */;
			buildPhases = (
				185538AC24C9EA5D0024C735 /* Sources */,
				185538AD24C9EA5D0024C735 /* Frameworks */,
				185538AE24C9EA5D0024C735 /* Resources */,
			);
			buildRules = (
			);
			dependencies = (
				185538B224C9EA5D0024C735 /* PBXTargetDependency */,
			);
			name = MiniProject2UITests;
			productName = MiniProject2UITests;
			productReference = 185538B024C9EA5D0024C735 /* MiniProject2UITests.xctest */;
			productType = "com.apple.product-type.bundle.ui-testing";
		};
/* End PBXNativeTarget section */

/* Begin PBXProject section */
		1855388424C9EA590024C735 /* Project object */ = {
			isa = PBXProject;
			attributes = {
				LastSwiftUpdateCheck = 1150;
				LastUpgradeCheck = 1150;
				ORGANIZATIONNAME = Apple;
				TargetAttributes = {
					1855388B24C9EA590024C735 = {
						CreatedOnToolsVersion = 11.5;
					};
					185538A424C9EA5D0024C735 = {
						CreatedOnToolsVersion = 11.5;
						TestTargetID = 1855388B24C9EA590024C735;
					};
					185538AF24C9EA5D0024C735 = {
						CreatedOnToolsVersion = 11.5;
						TestTargetID = 1855388B24C9EA590024C735;
					};
				};
			};
			buildConfigurationList = 1855388724C9EA590024C735 /* Build configuration list for PBXProject "MiniProject2" */;
			compatibilityVersion = "Xcode 9.3";
			developmentRegion = en;
			hasScannedForEncodings = 0;
			knownRegions = (
				en,
				Base,
			);
			mainGroup = 1855388324C9EA590024C735;
			productRefGroup = 1855388D24C9EA590024C735 /* Products */;
			projectDirPath = "";
			projectRoot = "";
			targets = (
				1855388B24C9EA590024C735 /* MiniProject2 */,
				185538A424C9EA5D0024C735 /* MiniProject2Tests */,
				185538AF24C9EA5D0024C735 /* MiniProject2UITests */,
			);
		};
/* End PBXProject section */

/* Begin PBXResourcesBuildPhase section */
		1855388A24C9EA590024C735 /* Resources */ = {
			isa = PBXResourcesBuildPhase;
			buildActionMask = 2147483647;
			files = (
				1855389F24C9EA5D0024C735 /* LaunchScreen.storyboard in Resources */,
				1855389C24C9EA5D0024C735 /* Assets.xcassets in Resources */,
				1855389724C9EA590024C735 /* Main.storyboard in Resources */,
			);
			runOnlyForDeploymentPostprocessing = 0;
		};
		185538A324C9EA5D0024C735 /* Resources */ = {
			isa = PBXResourcesBuildPhase;
			buildActionMask = 2147483647;
			files = (
			);
			runOnlyForDeploymentPostprocessing = 0;
		};
		185538AE24C9EA5D0024C735 /* Resources */ = {
			isa = PBXResourcesBuildPhase;
			buildActionMask = 2147483647;
			files = (
			);
			runOnlyForDeploymentPostprocessing = 0;
		};
/* End PBXResourcesBuildPhase section */

/* Begin PBXSourcesBuildPhase section */
		1855388824C9EA590024C735 /* Sources */ = {
			isa = PBXSourcesBuildPhase;
			buildActionMask = 2147483647;
			files = (
				185538C324CA12C80024C735 /* ViewController2.swift in Sources */,
				185538CB24CA919D0024C735 /* ViewController4.swift in Sources */,
				1855389424C9EA590024C735 /* ViewController.swift in Sources */,
				185538C924CA89E20024C735 /* ViewController3.swift in Sources */,
				185538CD24CA93180024C735 /* ViewController5.swift in Sources */,
				1855389024C9EA590024C735 /* AppDelegate.swift in Sources */,
				1855389224C9EA590024C735 /* SceneDelegate.swift in Sources */,
				1855389A24C9EA590024C735 /* MiniProject2.xcdatamodeld in Sources */,
			);
			runOnlyForDeploymentPostprocessing = 0;
		};
		185538A124C9EA5D0024C735 /* Sources */ = {
			isa = PBXSourcesBuildPhase;
			buildActionMask = 2147483647;
			files = (
				185538AA24C9EA5D0024C735 /* MiniProject2Tests.swift in Sources */,
			);
			runOnlyForDeploymentPostprocessing = 0;
		};
		185538AC24C9EA5D0024C735 /* Sources */ = {
			isa = PBXSourcesBuildPhase;
			buildActionMask = 2147483647;
			files = (
				185538B524C9EA5D0024C735 /* MiniProject2UITests.swift in Sources */,
			);
			runOnlyForDeploymentPostprocessing = 0;
		};
/* End PBXSourcesBuildPhase section */

/* Begin PBXTargetDependency section */
		185538A724C9EA5D0024C735 /* PBXTargetDependency */ = {
			isa = PBXTargetDependency;
			target = 1855388B24C9EA590024C735 /* MiniProject2 */;
			targetProxy = 185538A624C9EA5D0024C735 /* PBXContainerItemProxy */;
		};
		185538B224C9EA5D0024C735 /* PBXTargetDependency */ = {
			isa = PBXTargetDependency;
			target = 1855388B24C9EA590024C735 /* MiniProject2 */;
			targetProxy = 185538B124C9EA5D0024C735 /* PBXContainerItemProxy */;
		};
/* End PBXTargetDependency section */

/* Begin PBXVariantGroup section */
		1855389524C9EA590024C735 /* Main.storyboard */ = {
			isa = PBXVariantGroup;
			children = (
				1855389624C9EA590024C735 /* Base */,
			);
			name = Main.storyboard;
			sourceTree = "<group>";
		};
		1855389D24C9EA5D0024C735 /* LaunchScreen.storyboard */ = {
			isa = PBXVariantGroup;
			children = (
				1855389E24C9EA5D0024C735 /* Base */,
			);
			name = LaunchScreen.storyboard;
			sourceTree = "<group>";
		};
/* End PBXVariantGroup section */

/* Begin XCBuildConfiguration section */
		185538B724C9EA5D0024C735 /* Debug */ = {
			isa = XCBuildConfiguration;
			buildSettings = {
				ALWAYS_SEARCH_USER_PATHS = NO;
				CLANG_ANALYZER_NONNULL = YES;
				CLANG_ANALYZER_NUMBER_OBJECT_CONVERSION = YES_AGGRESSIVE;
				CLANG_CXX_LANGUAGE_STANDARD = "gnu++14";
				CLANG_CXX_LIBRARY = "libc++";
				CLANG_ENABLE_MODULES = YES;
				CLANG_ENABLE_OBJC_ARC = YES;
				CLANG_ENABLE_OBJC_WEAK = YES;
				CLANG_WARN_BLOCK_CAPTURE_AUTORELEASING = YES;
				CLANG_WARN_BOOL_CONVERSION = YES;
				CLANG_WARN_COMMA = YES;
				CLANG_WARN_CONSTANT_CONVERSION = YES;
				CLANG_WARN_DEPRECATED_OBJC_IMPLEMENTATIONS = YES;
				CLANG_WARN_DIRECT_OBJC_ISA_USAGE = YES_ERROR;
				CLANG_WARN_DOCUMENTATION_COMMENTS = YES;
				CLANG_WARN_EMPTY_BODY = YES;
				CLANG_WARN_ENUM_CONVERSION = YES;
				CLANG_WARN_INFINITE_RECURSION = YES;
				CLANG_WARN_INT_CONVERSION = YES;
				CLANG_WARN_NON_LITERAL_NULL_CONVERSION = YES;
				CLANG_WARN_OBJC_IMPLICIT_RETAIN_SELF = YES;
				CLANG_WARN_OBJC_LITERAL_CONVERSION = YES;
				CLANG_WARN_OBJC_ROOT_CLASS = YES_ERROR;
				CLANG_WARN_RANGE_LOOP_ANALYSIS = YES;
				CLANG_WARN_STRICT_PROTOTYPES = YES;
				CLANG_WARN_SUSPICIOUS_MOVE = YES;
				CLANG_WARN_UNGUARDED_AVAILABILITY = YES_AGGRESSIVE;
				CLANG_WARN_UNREACHABLE_CODE = YES;
				CLANG_WARN__DUPLICATE_METHOD_MATCH = YES;
				COPY_PHASE_STRIP = NO;
				DEBUG_INFORMATION_FORMAT = dwarf;
				ENABLE_STRICT_OBJC_MSGSEND = YES;
				ENABLE_TESTABILITY = YES;
				GCC_C_LANGUAGE_STANDARD = gnu11;
				GCC_DYNAMIC_NO_PIC = NO;
				GCC_NO_COMMON_BLOCKS = YES;
				GCC_OPTIMIZATION_LEVEL = 0;
				GCC_PREPROCESSOR_DEFINITIONS = (
					"DEBUG=1",
					"$(inherited)",
				);
				GCC_WARN_64_TO_32_BIT_CONVERSION = YES;
				GCC_WARN_ABOUT_RETURN_TYPE = YES_ERROR;
				GCC_WARN_UNDECLARED_SELECTOR = YES;
				GCC_WARN_UNINITIALIZED_AUTOS = YES_AGGRESSIVE;
				GCC_WARN_UNUSED_FUNCTION = YES;
				GCC_WARN_UNUSED_VARIABLE = YES;
				IPHONEOS_DEPLOYMENT_TARGET = 13.5;
				MTL_ENABLE_DEBUG_INFO = INCLUDE_SOURCE;
				MTL_FAST_MATH = YES;
				ONLY_ACTIVE_ARCH = YES;
				SDKROOT = iphoneos;
				SWIFT_ACTIVE_COMPILATION_CONDITIONS = DEBUG;
				SWIFT_OPTIMIZATION_LEVEL = "-Onone";
			};
			name = Debug;
		};
		185538B824C9EA5D0024C735 /* Release */ = {
			isa = XCBuildConfiguration;
			buildSettings = {
				ALWAYS_SEARCH_USER_PATHS = NO;
				CLANG_ANALYZER_NONNULL = YES;
				CLANG_ANALYZER_NUMBER_OBJECT_CONVERSION = YES_AGGRESSIVE;
				CLANG_CXX_LANGUAGE_STANDARD = "gnu++14";
				CLANG_CXX_LIBRARY = "libc++";
				CLANG_ENABLE_MODULES = YES;
				CLANG_ENABLE_OBJC_ARC = YES;
				CLANG_ENABLE_OBJC_WEAK = YES;
				CLANG_WARN_BLOCK_CAPTURE_AUTORELEASING = YES;
				CLANG_WARN_BOOL_CONVERSION = YES;
				CLANG_WARN_COMMA = YES;
				CLANG_WARN_CONSTANT_CONVERSION = YES;
				CLANG_WARN_DEPRECATED_OBJC_IMPLEMENTATIONS = YES;
				CLANG_WARN_DIRECT_OBJC_ISA_USAGE = YES_ERROR;
				CLANG_WARN_DOCUMENTATION_COMMENTS = YES;
				CLANG_WARN_EMPTY_BODY = YES;
				CLANG_WARN_ENUM_CONVERSION = YES;
				CLANG_WARN_INFINITE_RECURSION = YES;
				CLANG_WARN_INT_CONVERSION = YES;
				CLANG_WARN_NON_LITERAL_NULL_CONVERSION = YES;
				CLANG_WARN_OBJC_IMPLICIT_RETAIN_SELF = YES;
				CLANG_WARN_OBJC_LITERAL_CONVERSION = YES;
				CLANG_WARN_OBJC_ROOT_CLASS = YES_ERROR;
				CLANG_WARN_RANGE_LOOP_ANALYSIS = YES;
				CLANG_WARN_STRICT_PROTOTYPES = YES;
				CLANG_WARN_SUSPICIOUS_MOVE = YES;
				CLANG_WARN_UNGUARDED_AVAILABILITY = YES_AGGRESSIVE;
				CLANG_WARN_UNREACHABLE_CODE = YES;
				CLANG_WARN__DUPLICATE_METHOD_MATCH = YES;
				COPY_PHASE_STRIP = NO;
				DEBUG_INFORMATION_FORMAT = "dwarf-with-dsym";
				ENABLE_NS_ASSERTIONS = NO;
				ENABLE_STRICT_OBJC_MSGSEND = YES;
				GCC_C_LANGUAGE_STANDARD = gnu11;
				GCC_NO_COMMON_BLOCKS = YES;
				GCC_WARN_64_TO_32_BIT_CONVERSION = YES;
				GCC_WARN_ABOUT_RETURN_TYPE = YES_ERROR;
				GCC_WARN_UNDECLARED_SELECTOR = YES;
				GCC_WARN_UNINITIALIZED_AUTOS = YES_AGGRESSIVE;
				GCC_WARN_UNUSED_FUNCTION = YES;
				GCC_WARN_UNUSED_VARIABLE = YES;
				IPHONEOS_DEPLOYMENT_TARGET = 13.5;
				MTL_ENABLE_DEBUG_INFO = NO;
				MTL_FAST_MATH = YES;
				SDKROOT = iphoneos;
				SWIFT_COMPILATION_MODE = wholemodule;
				SWIFT_OPTIMIZATION_LEVEL = "-O";
				VALIDATE_PRODUCT = YES;
			};
			name = Release;
		};
		185538BA24C9EA5D0024C735 /* Debug */ = {
			isa = XCBuildConfiguration;
			buildSettings = {
				ASSETCATALOG_COMPILER_APPICON_NAME = AppIcon;
				CODE_SIGN_STYLE = Automatic;
				INFOPLIST_FILE = MiniProject2/Info.plist;
				LD_RUNPATH_SEARCH_PATHS = (
					"$(inherited)",
					"@executable_path/Frameworks",
				);
				PRODUCT_BUNDLE_IDENTIFIER = "Carissa-Liu.MiniProject2";
				PRODUCT_NAME = "$(TARGET_NAME)";
				SWIFT_VERSION = 5.0;
				TARGETED_DEVICE_FAMILY = "1,2";
			};
			name = Debug;
		};
		185538BB24C9EA5D0024C735 /* Release */ = {
			isa = XCBuildConfiguration;
			buildSettings = {
				ASSETCATALOG_COMPILER_APPICON_NAME = AppIcon;
				CODE_SIGN_STYLE = Automatic;
				INFOPLIST_FILE = MiniProject2/Info.plist;
				LD_RUNPATH_SEARCH_PATHS = (
					"$(inherited)",
					"@executable_path/Frameworks",
				);
				PRODUCT_BUNDLE_IDENTIFIER = "Carissa-Liu.MiniProject2";
				PRODUCT_NAME = "$(TARGET_NAME)";
				SWIFT_VERSION = 5.0;
				TARGETED_DEVICE_FAMILY = "1,2";
			};
			name = Release;
		};
		185538BD24C9EA5D0024C735 /* Debug */ = {
			isa = XCBuildConfiguration;
			buildSettings = {
				ALWAYS_EMBED_SWIFT_STANDARD_LIBRARIES = YES;
				BUNDLE_LOADER = "$(TEST_HOST)";
				CODE_SIGN_STYLE = Automatic;
				INFOPLIST_FILE = MiniProject2Tests/Info.plist;
				IPHONEOS_DEPLOYMENT_TARGET = 13.5;
				LD_RUNPATH_SEARCH_PATHS = (
					"$(inherited)",
					"@executable_path/Frameworks",
					"@loader_path/Frameworks",
				);
				PRODUCT_BUNDLE_IDENTIFIER = "Carissa-Liu.MiniProject2Tests";
				PRODUCT_NAME = "$(TARGET_NAME)";
				SWIFT_VERSION = 5.0;
				TARGETED_DEVICE_FAMILY = "1,2";
				TEST_HOST = "$(BUILT_PRODUCTS_DIR)/MiniProject2.app/MiniProject2";
			};
			name = Debug;
		};
		185538BE24C9EA5D0024C735 /* Release */ = {
			isa = XCBuildConfiguration;
			buildSettings = {
				ALWAYS_EMBED_SWIFT_STANDARD_LIBRARIES = YES;
				BUNDLE_LOADER = "$(TEST_HOST)";
				CODE_SIGN_STYLE = Automatic;
				INFOPLIST_FILE = MiniProject2Tests/Info.plist;
				IPHONEOS_DEPLOYMENT_TARGET = 13.5;
				LD_RUNPATH_SEARCH_PATHS = (
					"$(inherited)",
					"@executable_path/Frameworks",
					"@loader_path/Frameworks",
				);
				PRODUCT_BUNDLE_IDENTIFIER = "Carissa-Liu.MiniProject2Tests";
				PRODUCT_NAME = "$(TARGET_NAME)";
				SWIFT_VERSION = 5.0;
				TARGETED_DEVICE_FAMILY = "1,2";
				TEST_HOST = "$(BUILT_PRODUCTS_DIR)/MiniProject2.app/MiniProject2";
			};
			name = Release;
		};
		185538C024C9EA5D0024C735 /* Debug */ = {
			isa = XCBuildConfiguration;
			buildSettings = {
				ALWAYS_EMBED_SWIFT_STANDARD_LIBRARIES = YES;
				CODE_SIGN_STYLE = Automatic;
				INFOPLIST_FILE = MiniProject2UITests/Info.plist;
				LD_RUNPATH_SEARCH_PATHS = (
					"$(inherited)",
					"@executable_path/Frameworks",
					"@loader_path/Frameworks",
				);
				PRODUCT_BUNDLE_IDENTIFIER = "Carissa-Liu.MiniProject2UITests";
				PRODUCT_NAME = "$(TARGET_NAME)";
				SWIFT_VERSION = 5.0;
				TARGETED_DEVICE_FAMILY = "1,2";
				TEST_TARGET_NAME = MiniProject2;
			};
			name = Debug;
		};
		185538C124C9EA5D0024C735 /* Release */ = {
			isa = XCBuildConfiguration;
			buildSettings = {
				ALWAYS_EMBED_SWIFT_STANDARD_LIBRARIES = YES;
				CODE_SIGN_STYLE = Automatic;
				INFOPLIST_FILE = MiniProject2UITests/Info.plist;
				LD_RUNPATH_SEARCH_PATHS = (
					"$(inherited)",
					"@executable_path/Frameworks",
					"@loader_path/Frameworks",
				);
				PRODUCT_BUNDLE_IDENTIFIER = "Carissa-Liu.MiniProject2UITests";
				PRODUCT_NAME = "$(TARGET_NAME)";
				SWIFT_VERSION = 5.0;
				TARGETED_DEVICE_FAMILY = "1,2";
				TEST_TARGET_NAME = MiniProject2;
			};
			name = Release;
		};
/* End XCBuildConfiguration section */

/* Begin XCConfigurationList section */
		1855388724C9EA590024C735 /* Build configuration list for PBXProject "MiniProject2" */ = {
			isa = XCConfigurationList;
			buildConfigurations = (
				185538B724C9EA5D0024C735 /* Debug */,
				185538B824C9EA5D0024C735 /* Release */,
			);
			defaultConfigurationIsVisible = 0;
			defaultConfigurationName = Release;
		};
		185538B924C9EA5D0024C735 /* Build configuration list for PBXNativeTarget "MiniProject2" */ = {
			isa = XCConfigurationList;
			buildConfigurations = (
				185538BA24C9EA5D0024C735 /* Debug */,
				185538BB24C9EA5D0024C735 /* Release */,
			);
			defaultConfigurationIsVisible = 0;
			defaultConfigurationName = Release;
		};
		185538BC24C9EA5D0024C735 /* Build configuration list for PBXNativeTarget "MiniProject2Tests" */ = {
			isa = XCConfigurationList;
			buildConfigurations = (
				185538BD24C9EA5D0024C735 /* Debug */,
				185538BE24C9EA5D0024C735 /* Release */,
			);
			defaultConfigurationIsVisible = 0;
			defaultConfigurationName = Release;
		};
		185538BF24C9EA5D0024C735 /* Build configuration list for PBXNativeTarget "MiniProject2UITests" */ = {
			isa = XCConfigurationList;
			buildConfigurations = (
				185538C024C9EA5D0024C735 /* Debug */,
				185538C124C9EA5D0024C735 /* Release */,
			);
			defaultConfigurationIsVisible = 0;
			defaultConfigurationName = Release;
		};
/* End XCConfigurationList section */

/* Begin XCVersionGroup section */
		1855389824C9EA590024C735 /* MiniProject2.xcdatamodeld */ = {
			isa = XCVersionGroup;
			children = (
				1855389924C9EA590024C735 /* MiniProject2.xcdatamodel */,
			);
			currentVersion = 1855389924C9EA590024C735 /* MiniProject2.xcdatamodel */;
			path = MiniProject2.xcdatamodeld;
			sourceTree = "<group>";
			versionGroupType = wrapper.xcdatamodel;
		};
/* End XCVersionGroup section */
	};
	rootObject = 1855388424C9EA590024C735 /* Project object */;
}
